
Microsoft Visual Studio Solution File, Format Version 12.00
# Visual Studio Version 17
VisualStudioVersion = 17.11.35327.3
MinimumVisualStudioVersion = 10.0.40219.1
Project("{FAE04EC0-301F-11D3-BF4B-00C04F79EFBC}") = "yazilim231005", "yazilim231005.csproj", "{A683CC0E-23F6-4D9C-80BA-6CA6BD53C719}"
EndProject
Global
	GlobalSection(SolutionConfigurationPlatforms) = preSolution
		Debug|Any CPU = Debug|Any CPU
		Release|Any CPU = Release|Any CPU
	EndGlobalSection
	GlobalSection(ProjectConfigurationPlatforms) = postSolution
		{A683CC0E-23F6-4D9C-80BA-6CA6BD53C719}.Debug|Any CPU.ActiveCfg = Debug|Any CPU
		{A683CC0E-23F6-4D9C-80BA-6CA6BD53C719}.Debug|Any CPU.Build.0 = Debug|Any CPU
		{A683CC0E-23F6-4D9C-80BA-6CA6BD53C719}.Release|Any CPU.ActiveCfg = Release|Any CPU
		{A683CC0E-23F6-4D9C-80BA-6CA6BD53C719}.Release|Any CPU.Build.0 = Release|Any CPU
	EndGlobalSection
	GlobalSection(SolutionProperties) = preSolution
		HideSolutionNode = FALSE
	EndGlobalSection
	GlobalSection(ExtensibilityGlobals) = postSolution
		SolutionGuid = {A812D9B6-E97A-4D2E-9E87-65D906EC4397}
	EndGlobalSection
EndGlobal
